
Microsoft Visual Studio Solution File, Format Version 12.00
# Visual Studio Version 18
VisualStudioVersion = 18.9.12112.369 stable
MinimumVisualStudioVersion = 10.0.40219.1
Project("{FAE04EC0-301F-11D3-BF4B-00C04F79EFBC}") = "Bricelam.PowerFx", "src\Bricelam.PowerFx\Bricelam.PowerFx.csproj", "{0AC0E8EF-2629-47FB-BA82-79DCF2FA5745}"
EndProject
Project("{FAE04EC0-301F-11D3-BF4B-00C04F79EFBC}") = "Bricelam.PowerFx.Linq", "src\Bricelam.PowerFx.Linq\Bricelam.PowerFx.Linq.csproj", "{F618CF46-24A4-4F50-A695-C52F91249175}"
EndProject
Project("{FAE04EC0-301F-11D3-BF4B-00C04F79EFBC}") = "Bricelam.PowerFx.Tests", "test\Bricelam.PowerFx.Tests\Bricelam.PowerFx.Tests.csproj", "{906A9A81-3AD5-4658-84D6-E21BE15CE243}"
EndProject
Project("{FAE04EC0-301F-11D3-BF4B-00C04F79EFBC}") = "Bricelam.PowerFx.Linq.Tests", "test\Bricelam.PowerFx.Linq.Tests\Bricelam.PowerFx.Linq.Tests.csproj", "{BA61B752-5613-4AE1-87A0-5A3134F78F41}"
EndProject
Project("{2150E333-8FDC-42A3-9474-1A3956D46DE8}") = "Solution Items", "Solution Items", "{8EC462FD-D22E-90A8-E5CE-7E832BA40C5D}"
	ProjectSection(SolutionItems) = preProject
		Directory.Packages.props = Directory.Packages.props
		version.json = version.json
	EndProjectSection
EndProject
Project("{2150E333-8FDC-42A3-9474-1A3956D46DE8}") = "test", "test", "{A8CED9A6-0C2B-4D77-AA71-27D66D3562FC}"
EndProject
Project("{2150E333-8FDC-42A3-9474-1A3956D46DE8}") = "src", "src", "{BC0A35BA-5F5A-429B-A3EB-B87299761C30}"
EndProject
Global
	GlobalSection(SolutionConfigurationPlatforms) = preSolution
		Debug|Any CPU = Debug|Any CPU
		Release|Any CPU = Release|Any CPU
	EndGlobalSection
	GlobalSection(ProjectConfigurationPlatforms) = postSolution
		{0AC0E8EF-2629-47FB-BA82-79DCF2FA5745}.Debug|Any CPU.ActiveCfg = Debug|Any CPU
		{0AC0E8EF-2629-47FB-BA82-79DCF2FA5745}.Debug|Any CPU.Build.0 = Debug|Any CPU
		{0AC0E8EF-2629-47FB-BA82-79DCF2FA5745}.Release|Any CPU.ActiveCfg = Release|Any CPU
		{0AC0E8EF-2629-47FB-BA82-79DCF2FA5745}.Release|Any CPU.Build.0 = Release|Any CPU
		{F618CF46-24A4-4F50-A695-C52F91249175}.Debug|Any CPU.ActiveCfg = Debug|Any CPU
		{F618CF46-24A4-4F50-A695-C52F91249175}.Debug|Any CPU.Build.0 = Debug|Any CPU
		{F618CF46-24A4-4F50-A695-C52F91249175}.Release|Any CPU.ActiveCfg = Release|Any CPU
		{F618CF46-24A4-4F50-A695-C52F91249175}.Release|Any CPU.Build.0 = Release|Any CPU
		{906A9A81-3AD5-4658-84D6-E21BE15CE243}.Debug|Any CPU.ActiveCfg = Debug|Any CPU
		{906A9A81-3AD5-4658-84D6-E21BE15CE243}.Debug|Any CPU.Build.0 = Debug|Any CPU
		{906A9A81-3AD5-4658-84D6-E21BE15CE243}.Release|Any CPU.ActiveCfg = Release|Any CPU
		{906A9A81-3AD5-4658-84D6-E21BE15CE243}.Release|Any CPU.Build.0 = Release|Any CPU
		{BA61B752-5613-4AE1-87A0-5A3134F78F41}.Debug|Any CPU.ActiveCfg = Debug|Any CPU
		{BA61B752-5613-4AE1-87A0-5A3134F78F41}.Debug|Any CPU.Build.0 = Debug|Any CPU
		{BA61B752-5613-4AE1-87A0-5A3134F78F41}.Release|Any CPU.ActiveCfg = Release|Any CPU
		{BA61B752-5613-4AE1-87A0-5A3134F78F41}.Release|Any CPU.Build.0 = Release|Any CPU
	EndGlobalSection
	GlobalSection(SolutionProperties) = preSolution
		HideSolutionNode = FALSE
	EndGlobalSection
	GlobalSection(NestedProjects) = preSolution
		{0AC0E8EF-2629-47FB-BA82-79DCF2FA5745} = {BC0A35BA-5F5A-429B-A3EB-B87299761C30}
		{F618CF46-24A4-4F50-A695-C52F91249175} = {BC0A35BA-5F5A-429B-A3EB-B87299761C30}
		{906A9A81-3AD5-4658-84D6-E21BE15CE243} = {A8CED9A6-0C2B-4D77-AA71-27D66D3562FC}
		{BA61B752-5613-4AE1-87A0-5A3134F78F41} = {A8CED9A6-0C2B-4D77-AA71-27D66D3562FC}
	EndGlobalSection
EndGlobal
